
Microsoft Visual Studio Solution File, Format Version 12.00
# Visual Studio 15
VisualStudioVersion = 15.0.28307.2017
MinimumVisualStudioVersion = 10.0.40219.1
Project("{FAE04EC0-301F-11D3-BF4B-00C04F79EFBC}") = "ModelUsualFractionWorkConsoleApp", "ModelUsualFractionWorkConsoleApp\ModelUsualFractionWorkConsoleApp.csproj", "{D8ED0CCC-9076-4BF9-BA85-5C0717B52543}"
EndProject
Global
	GlobalSection(SolutionConfigurationPlatforms) = preSolution
		Debug|Any CPU = Debug|Any CPU
		Release|Any CPU = Release|Any CPU
	EndGlobalSection
	GlobalSection(ProjectConfigurationPlatforms) = postSolution
		{D8ED0CCC-9076-4BF9-BA85-5C0717B52543}.Debug|Any CPU.ActiveCfg = Debug|Any CPU
		{D8ED0CCC-9076-4BF9-BA85-5C0717B52543}.Debug|Any CPU.Build.0 = Debug|Any CPU
		{D8ED0CCC-9076-4BF9-BA85-5C0717B52543}.Release|Any CPU.ActiveCfg = Release|Any CPU
		{D8ED0CCC-9076-4BF9-BA85-5C0717B52543}.Release|Any CPU.Build.0 = Release|Any CPU
	EndGlobalSection
	GlobalSection(SolutionProperties) = preSolution
		HideSolutionNode = FALSE
	EndGlobalSection
	GlobalSection(ExtensibilityGlobals) = postSolution
		SolutionGuid = {F7FA7CA2-1BF0-4981-A84C-EE8F612A940D}
	EndGlobalSection
EndGlobal
